
Microsoft Visual Studio Solution File, Format Version 12.00
# Visual Studio Version 16
VisualStudioVersion = 16.0.809.8
MinimumVisualStudioVersion = 10.0.40219.1
Project("{FAE04EC0-301F-11D3-BF4B-00C04F79EFBC}") = "TeslaMXUI.Android", "TeslaMXUI.Android\TeslaMXUI.Android.csproj", "{EE0F6BB7-689F-4310-990C-21591076F54D}"
EndProject
Project("{FAE04EC0-301F-11D3-BF4B-00C04F79EFBC}") = "TeslaMXUI.iOS", "TeslaMXUI.iOS\TeslaMXUI.iOS.csproj", "{8D193712-8AE6-4FD0-AA77-A460502F930F}"
EndProject
Project("{FAE04EC0-301F-11D3-BF4B-00C04F79EFBC}") = "TeslaMXUI", "TeslaMXUI\TeslaMXUI.csproj", "{12957695-7B2A-43C1-B0B8-6D75F535D8F0}"
EndProject
Global
	GlobalSection(SolutionConfigurationPlatforms) = preSolution
		Debug|Any CPU = Debug|Any CPU
		Release|Any CPU = Release|Any CPU
		Debug|iPhoneSimulator = Debug|iPhoneSimulator
		Release|iPhoneSimulator = Release|iPhoneSimulator
		Debug|iPhone = Debug|iPhone
		Release|iPhone = Release|iPhone
	EndGlobalSection
	GlobalSection(ProjectConfigurationPlatforms) = postSolution
		{EE0F6BB7-689F-4310-990C-21591076F54D}.Debug|Any CPU.ActiveCfg = Debug|Any CPU
		{EE0F6BB7-689F-4310-990C-21591076F54D}.Debug|Any CPU.Build.0 = Debug|Any CPU
		{EE0F6BB7-689F-4310-990C-21591076F54D}.Release|Any CPU.ActiveCfg = Release|Any CPU
		{EE0F6BB7-689F-4310-990C-21591076F54D}.Release|Any CPU.Build.0 = Release|Any CPU
		{EE0F6BB7-689F-4310-990C-21591076F54D}.Debug|iPhoneSimulator.ActiveCfg = Debug|Any CPU
		{EE0F6BB7-689F-4310-990C-21591076F54D}.Debug|iPhoneSimulator.Build.0 = Debug|Any CPU
		{EE0F6BB7-689F-4310-990C-21591076F54D}.Release|iPhoneSimulator.ActiveCfg = Release|Any CPU
		{EE0F6BB7-689F-4310-990C-21591076F54D}.Release|iPhoneSimulator.Build.0 = Release|Any CPU
		{EE0F6BB7-689F-4310-990C-21591076F54D}.Debug|iPhone.ActiveCfg = Debug|Any CPU
		{EE0F6BB7-689F-4310-990C-21591076F54D}.Debug|iPhone.Build.0 = Debug|Any CPU
		{EE0F6BB7-689F-4310-990C-21591076F54D}.Release|iPhone.ActiveCfg = Release|Any CPU
		{EE0F6BB7-689F-4310-990C-21591076F54D}.Release|iPhone.Build.0 = Release|Any CPU
		{8D193712-8AE6-4FD0-AA77-A460502F930F}.Debug|Any CPU.ActiveCfg = Debug|iPhoneSimulator
		{8D193712-8AE6-4FD0-AA77-A460502F930F}.Debug|Any CPU.Build.0 = Debug|iPhoneSimulator
		{8D193712-8AE6-4FD0-AA77-A460502F930F}.Release|Any CPU.ActiveCfg = Release|iPhoneSimulator
		{8D193712-8AE6-4FD0-AA77-A460502F930F}.Release|Any CPU.Build.0 = Release|iPhoneSimulator
		{8D193712-8AE6-4FD0-AA77-A460502F930F}.Debug|iPhoneSimulator.ActiveCfg = Debug|iPhoneSimulator
		{8D193712-8AE6-4FD0-AA77-A460502F930F}.Debug|iPhoneSimulator.Build.0 = Debug|iPhoneSimulator
		{8D193712-8AE6-4FD0-AA77-A460502F930F}.Release|iPhoneSimulator.ActiveCfg = Release|iPhoneSimulator
		{8D193712-8AE6-4FD0-AA77-A460502F930F}.Release|iPhoneSimulator.Build.0 = Release|iPhoneSimulator
		{8D193712-8AE6-4FD0-AA77-A460502F930F}.Debug|iPhone.ActiveCfg = Debug|iPhone
		{8D193712-8AE6-4FD0-AA77-A460502F930F}.Debug|iPhone.Build.0 = Debug|iPhone
		{8D193712-8AE6-4FD0-AA77-A460502F930F}.Release|iPhone.ActiveCfg = Release|iPhone
		{8D193712-8AE6-4FD0-AA77-A460502F930F}.Release|iPhone.Build.0 = Release|iPhone
		{12957695-7B2A-43C1-B0B8-6D75F535D8F0}.Debug|Any CPU.ActiveCfg = Debug|Any CPU
		{12957695-7B2A-43C1-B0B8-6D75F535D8F0}.Debug|Any CPU.Build.0 = Debug|Any CPU
		{12957695-7B2A-43C1-B0B8-6D75F535D8F0}.Release|Any CPU.ActiveCfg = Release|Any CPU
		{12957695-7B2A-43C1-B0B8-6D75F535D8F0}.Release|Any CPU.Build.0 = Release|Any CPU
		{12957695-7B2A-43C1-B0B8-6D75F535D8F0}.Debug|iPhoneSimulator.ActiveCfg = Debug|Any CPU
		{12957695-7B2A-43C1-B0B8-6D75F535D8F0}.Debug|iPhoneSimulator.Build.0 = Debug|Any CPU
		{12957695-7B2A-43C1-B0B8-6D75F535D8F0}.Release|iPhoneSimulator.ActiveCfg = Release|Any CPU
		{12957695-7B2A-43C1-B0B8-6D75F535D8F0}.Release|iPhoneSimulator.Build.0 = Release|Any CPU
		{12957695-7B2A-43C1-B0B8-6D75F535D8F0}.Debug|iPhone.ActiveCfg = Debug|Any CPU
		{12957695-7B2A-43C1-B0B8-6D75F535D8F0}.Debug|iPhone.Build.0 = Debug|Any CPU
		{12957695-7B2A-43C1-B0B8-6D75F535D8F0}.Release|iPhone.ActiveCfg = Release|Any CPU
		{12957695-7B2A-43C1-B0B8-6D75F535D8F0}.Release|iPhone.Build.0 = Release|Any CPU
	EndGlobalSection
	GlobalSection(SolutionProperties) = preSolution
		HideSolutionNode = FALSE
	EndGlobalSection
	GlobalSection(ExtensibilityGlobals) = postSolution
		SolutionGuid = {54726530-C838-45A0-94F6-9BC68ABC75EF}
	EndGlobalSection
EndGlobal
